// !$*UTF8*$!
{
	archiveVersion = 1;
	classes = {
	};
	objectVersion = 46;
	objects = {

/* Begin PBXBuildFile section */
		3A0EC2A51ECAE8440042305F /* TagsViewController.swift in Sources */ = {isa = PBXBuildFile; fileRef = 3A0EC2A41ECAE8440042305F /* TagsViewController.swift */; };
		3A0EC2A81ECB11270042305F /* ImageDataViewController.swift in Sources */ = {isa = PBXBuildFile; fileRef = 3A0EC2A71ECB11270042305F /* ImageDataViewController.swift */; };
		3A0EC2AC1ECC31D50042305F /* PostViewController.swift in Sources */ = {isa = PBXBuildFile; fileRef = 3A0EC2AB1ECC31D50042305F /* PostViewController.swift */; };
		3A5855291EC9569A007F8DA1 /* AppDelegate.swift in Sources */ = {isa = PBXBuildFile; fileRef = 3A5855281EC9569A007F8DA1 /* AppDelegate.swift */; };
		3A58552E1EC9569A007F8DA1 /* Main.storyboard in Resources */ = {isa = PBXBuildFile; fileRef = 3A58552C1EC9569A007F8DA1 /* Main.storyboard */; };
		3A5855301EC9569A007F8DA1 /* Assets.xcassets in Resources */ = {isa = PBXBuildFile; fileRef = 3A58552F1EC9569A007F8DA1 /* Assets.xcassets */; };
		3A5855331EC9569A007F8DA1 /* LaunchScreen.storyboard in Resources */ = {isa = PBXBuildFile; fileRef = 3A5855311EC9569A007F8DA1 /* LaunchScreen.storyboard */; };
		3A58553B1EC957AE007F8DA1 /* MusicDetailViewController.swift in Sources */ = {isa = PBXBuildFile; fileRef = 3A58553A1EC957AE007F8DA1 /* MusicDetailViewController.swift */; };
		3AC49C501ECAA8BC0084987E /* SearchViewController.swift in Sources */ = {isa = PBXBuildFile; fileRef = 3AC49C4F1ECAA8BC0084987E /* SearchViewController.swift */; };
		EF725031EB0D86AE19C4A185 /* Pods_RequestDemo.framework in Frameworks */ = {isa = PBXBuildFile; fileRef = 1C21CE824B1BA62CCB134BEF /* Pods_RequestDemo.framework */; };
/* End PBXBuildFile section */

/* Begin PBXFileReference section */
		156230B59D76B10A0644518F /* Pods-RequestDemo.release.xcconfig */ = {isa = PBXFileReference; includeInIndex = 1; lastKnownFileType = text.xcconfig; name = "Pods-RequestDemo.release.xcconfig"; path = "Pods/Target Support Files/Pods-RequestDemo/Pods-RequestDemo.release.xcconfig"; sourceTree = "<group>"; };
		1C21CE824B1BA62CCB134BEF /* Pods_RequestDemo.framework */ = {isa = PBXFileReference; explicitFileType = wrapper.framework; includeInIndex = 0; path = Pods_RequestDemo.framework; sourceTree = BUILT_PRODUCTS_DIR; };
		3A0EC2A41ECAE8440042305F /* TagsViewController.swift */ = {isa = PBXFileReference; fileEncoding = 4; lastKnownFileType = sourcecode.swift; path = TagsViewController.swift; sourceTree = "<group>"; };
		3A0EC2A71ECB11270042305F /* ImageDataViewController.swift */ = {isa = PBXFileReference; fileEncoding = 4; lastKnownFileType = sourcecode.swift; path = ImageDataViewController.swift; sourceTree = "<group>"; };
		3A0EC2AB1ECC31D50042305F /* PostViewController.swift */ = {isa = PBXFileReference; fileEncoding = 4; lastKnownFileType = sourcecode.swift; path = PostViewController.swift; sourceTree = "<group>"; };
		3A5855251EC9569A007F8DA1 /* RequestDemo.app */ = {isa = PBXFileReference; explicitFileType = wrapper.application; includeInIndex = 0; path = RequestDemo.app; sourceTree = BUILT_PRODUCTS_DIR; };
		3A5855281EC9569A007F8DA1 /* AppDelegate.swift */ = {isa = PBXFileReference; lastKnownFileType = sourcecode.swift; path = AppDelegate.swift; sourceTree = "<group>"; };
		3A58552D1EC9569A007F8DA1 /* Base */ = {isa = PBXFileReference; lastKnownFileType = file.storyboard; name = Base; path = Base.lproj/Main.storyboard; sourceTree = "<group>"; };
		3A58552F1EC9569A007F8DA1 /* Assets.xcassets */ = {isa = PBXFileReference; lastKnownFileType = folder.assetcatalog; path = Assets.xcassets; sourceTree = "<group>"; };
		3A5855321EC9569A007F8DA1 /* Base */ = {isa = PBXFileReference; lastKnownFileType = file.storyboard; name = Base; path = Base.lproj/LaunchScreen.storyboard; sourceTree = "<group>"; };
		3A5855341EC9569A007F8DA1 /* Info.plist */ = {isa = PBXFileReference; lastKnownFileType = text.plist.xml; path = Info.plist; sourceTree = "<group>"; };
		3A58553A1EC957AE007F8DA1 /* MusicDetailViewController.swift */ = {isa = PBXFileReference; fileEncoding = 4; lastKnownFileType = sourcecode.swift; path = MusicDetailViewController.swift; sourceTree = "<group>"; };
		3AC49C4F1ECAA8BC0084987E /* SearchViewController.swift */ = {isa = PBXFileReference; fileEncoding = 4; lastKnownFileType = sourcecode.swift; path = SearchViewController.swift; sourceTree = "<group>"; };
		4ECB60CB00FAFECA1613103C /* Pods-RequestDemo.debug.xcconfig */ = {isa = PBXFileReference; includeInIndex = 1; lastKnownFileType = text.xcconfig; name = "Pods-RequestDemo.debug.xcconfig"; path = "Pods/Target Support Files/Pods-RequestDemo/Pods-RequestDemo.debug.xcconfig"; sourceTree = "<group>"; };
/* End PBXFileReference section */

/* Begin PBXFrameworksBuildPhase section */
		3A5855221EC9569A007F8DA1 /* Frameworks */ = {
			isa = PBXFrameworksBuildPhase;
			buildActionMask = 2147483647;
			files = (
				EF725031EB0D86AE19C4A185 /* Pods_RequestDemo.framework in Frameworks */,
			);
			runOnlyForDeploymentPostprocessing = 0;
		};
/* End PBXFrameworksBuildPhase section */

/* Begin PBXGroup section */
		101B6E24401F0EEB45BDE6B5 /* Frameworks */ = {
			isa = PBXGroup;
			children = (
				1C21CE824B1BA62CCB134BEF /* Pods_RequestDemo.framework */,
			);
			name = Frameworks;
			sourceTree = "<group>";
		};
		3A58551C1EC9569A007F8DA1 = {
			isa = PBXGroup;
			children = (
				3A5855271EC9569A007F8DA1 /* RequestDemo */,
				3A5855261EC9569A007F8DA1 /* Products */,
				784BCAD421956AA92F5CC488 /* Pods */,
				101B6E24401F0EEB45BDE6B5 /* Frameworks */,
			);
			sourceTree = "<group>";
		};
		3A5855261EC9569A007F8DA1 /* Products */ = {
			isa = PBXGroup;
			children = (
				3A5855251EC9569A007F8DA1 /* RequestDemo.app */,
			);
			name = Products;
			sourceTree = "<group>";
		};
		3A5855271EC9569A007F8DA1 /* RequestDemo */ = {
			isa = PBXGroup;
			children = (
				3A58553C1EC957BA007F8DA1 /* other */,
				3A58553A1EC957AE007F8DA1 /* MusicDetailViewController.swift */,
				3AC49C4F1ECAA8BC0084987E /* SearchViewController.swift */,
				3A0EC2A41ECAE8440042305F /* TagsViewController.swift */,
				3A0EC2A71ECB11270042305F /* ImageDataViewController.swift */,
				3A0EC2AB1ECC31D50042305F /* PostViewController.swift */,
				3A58552C1EC9569A007F8DA1 /* Main.storyboard */,
			);
			path = RequestDemo;
			sourceTree = "<group>";
		};
		3A58553C1EC957BA007F8DA1 /* other */ = {
			isa = PBXGroup;
			children = (
				3A5855281EC9569A007F8DA1 /* AppDelegate.swift */,
				3A58552F1EC9569A007F8DA1 /* Assets.xcassets */,
				3A5855311EC9569A007F8DA1 /* LaunchScreen.storyboard */,
				3A5855341EC9569A007F8DA1 /* Info.plist */,
			);
			name = other;
			sourceTree = "<group>";
		};
		784BCAD421956AA92F5CC488 /* Pods */ = {
			isa = PBXGroup;
			children = (
				4ECB60CB00FAFECA1613103C /* Pods-RequestDemo.debug.xcconfig */,
				156230B59D76B10A0644518F /* Pods-RequestDemo.release.xcconfig */,
			);
			name = Pods;
			sourceTree = "<group>";
		};
/* End PBXGroup section */

/* Begin PBXNativeTarget section */
		3A5855241EC9569A007F8DA1 /* RequestDemo */ = {
			isa = PBXNativeTarget;
			buildConfigurationList = 3A5855371EC9569A007F8DA1 /* Build configuration list for PBXNativeTarget "RequestDemo" */;
			buildPhases = (
				DB12209F1696FE19162846CA /* [CP] Check Pods Manifest.lock */,
				3A5855211EC9569A007F8DA1 /* Sources */,
				3A5855221EC9569A007F8DA1 /* Frameworks */,
				3A5855231EC9569A007F8DA1 /* Resources */,
				2F6C00D96F1952A6240E1870 /* [CP] Embed Pods Frameworks */,
				77FD02B8836975D311BA9F9F /* [CP] Copy Pods Resources */,
			);
			buildRules = (
			);
			dependencies = (
			);
			name = RequestDemo;
			productName = RequestDemo;
			productReference = 3A5855251EC9569A007F8DA1 /* RequestDemo.app */;
			productType = "com.apple.product-type.application";
		};
/* End PBXNativeTarget section */

/* Begin PBXProject section */
		3A58551D1EC9569A007F8DA1 /* Project object */ = {
			isa = PBXProject;
			attributes = {
				LastSwiftUpdateCheck = 0830;
				LastUpgradeCheck = 0830;
				ORGANIZATIONNAME = "卓同学";
				TargetAttributes = {
					3A5855241EC9569A007F8DA1 = {
						CreatedOnToolsVersion = 8.3.2;
						ProvisioningStyle = Automatic;
					};
				};
			};
			buildConfigurationList = 3A5855201EC9569A007F8DA1 /* Build configuration list for PBXProject "RequestDemo" */;
			compatibilityVersion = "Xcode 3.2";
			developmentRegion = English;
			hasScannedForEncodings = 0;
			knownRegions = (
				en,
				Base,
			);
			mainGroup = 3A58551C1EC9569A007F8DA1;
			productRefGroup = 3A5855261EC9569A007F8DA1 /* Products */;
			projectDirPath = "";
			projectRoot = "";
			targets = (
				3A5855241EC9569A007F8DA1 /* RequestDemo */,
			);
		};
/* End PBXProject section */

/* Begin PBXResourcesBuildPhase section */
		3A5855231EC9569A007F8DA1 /* Resources */ = {
			isa = PBXResourcesBuildPhase;
			buildActionMask = 2147483647;
			files = (
				3A5855331EC9569A007F8DA1 /* LaunchScreen.storyboard in Resources */,
				3A5855301EC9569A007F8DA1 /* Assets.xcassets in Resources */,
				3A58552E1EC9569A007F8DA1 /* Main.storyboard in Resources */,
			);
			runOnlyForDeploymentPostprocessing = 0;
		};
/* End PBXResourcesBuildPhase section */

/* Begin PBXShellScriptBuildPhase section */
		2F6C00D96F1952A6240E1870 /* [CP] Embed Pods Frameworks */ = {
			isa = PBXShellScriptBuildPhase;
			buildActionMask = 2147483647;
			files = (
			);
			inputPaths = (
			);
			name = "[CP] Embed Pods Frameworks";
			outputPaths = (
			);
			runOnlyForDeploymentPostprocessing = 0;
			shellPath = /bin/sh;
			shellScript = "\"${SRCROOT}/Pods/Target Support Files/Pods-RequestDemo/Pods-RequestDemo-frameworks.sh\"\n";
			showEnvVarsInLog = 0;
		};
		77FD02B8836975D311BA9F9F /* [CP] Copy Pods Resources */ = {
			isa = PBXShellScriptBuildPhase;
			buildActionMask = 2147483647;
			files = (
			);
			inputPaths = (
			);
			name = "[CP] Copy Pods Resources";
			outputPaths = (
			);
			runOnlyForDeploymentPostprocessing = 0;
			shellPath = /bin/sh;
			shellScript = "\"${SRCROOT}/Pods/Target Support Files/Pods-RequestDemo/Pods-RequestDemo-resources.sh\"\n";
			showEnvVarsInLog = 0;
		};
		DB12209F1696FE19162846CA /* [CP] Check Pods Manifest.lock */ = {
			isa = PBXShellScriptBuildPhase;
			buildActionMask = 2147483647;
			files = (
			);
			inputPaths = (
			);
			name = "[CP] Check Pods Manifest.lock";
			outputPaths = (
			);
			runOnlyForDeploymentPostprocessing = 0;
			shellPath = /bin/sh;
			shellScript = "diff \"${PODS_PODFILE_DIR_PATH}/Podfile.lock\" \"${PODS_ROOT}/Manifest.lock\" > /dev/null\nif [ $? != 0 ] ; then\n    # print error to STDERR\n    echo \"error: The sandbox is not in sync with the Podfile.lock. Run 'pod install' or update your CocoaPods installation.\" >&2\n    exit 1\nfi\n";
			showEnvVarsInLog = 0;
		};
/* End PBXShellScriptBuildPhase section */

/* Begin PBXSourcesBuildPhase section */
		3A5855211EC9569A007F8DA1 /* Sources */ = {
			isa = PBXSourcesBuildPhase;
			buildActionMask = 2147483647;
			files = (
				3A0EC2AC1ECC31D50042305F /* PostViewController.swift in Sources */,
				3AC49C501ECAA8BC0084987E /* SearchViewController.swift in Sources */,
				3A5855291EC9569A007F8DA1 /* AppDelegate.swift in Sources */,
				3A58553B1EC957AE007F8DA1 /* MusicDetailViewController.swift in Sources */,
				3A0EC2A81ECB11270042305F /* ImageDataViewController.swift in Sources */,
				3A0EC2A51ECAE8440042305F /* TagsViewController.swift in Sources */,
			);
			runOnlyForDeploymentPostprocessing = 0;
		};
/* End PBXSourcesBuildPhase section */

/* Begin PBXVariantGroup section */
		3A58552C1EC9569A007F8DA1 /* Main.storyboard */ = {
			isa = PBXVariantGroup;
			children = (
				3A58552D1EC9569A007F8DA1 /* Base */,
			);
			name = Main.storyboard;
			sourceTree = "<group>";
		};
		3A5855311EC9569A007F8DA1 /* LaunchScreen.storyboard */ = {
			isa = PBXVariantGroup;
			children = (
				3A5855321EC9569A007F8DA1 /* Base */,
			);
			name = LaunchScreen.storyboard;
			sourceTree = "<group>";
		};
/* End PBXVariantGroup section */

/* Begin XCBuildConfiguration section */
		3A5855351EC9569A007F8DA1 /* Debug */ = {
			isa = XCBuildConfiguration;
			buildSettings = {
				ALWAYS_SEARCH_USER_PATHS = NO;
				CLANG_ANALYZER_NONNULL = YES;
				CLANG_ANALYZER_NUMBER_OBJECT_CONVERSION = YES_AGGRESSIVE;
				CLANG_CXX_LANGUAGE_STANDARD = "gnu++0x";
				CLANG_CXX_LIBRARY = "libc++";
				CLANG_ENABLE_MODULES = YES;
				CLANG_ENABLE_OBJC_ARC = YES;
				CLANG_WARN_BOOL_CONVERSION = YES;
				CLANG_WARN_CONSTANT_CONVERSION = YES;
				CLANG_WARN_DIRECT_OBJC_ISA_USAGE = YES_ERROR;
				CLANG_WARN_DOCUMENTATION_COMMENTS = YES;
				CLANG_WARN_EMPTY_BODY = YES;
				CLANG_WARN_ENUM_CONVERSION = YES;
				CLANG_WARN_INFINITE_RECURSION = YES;
				CLANG_WARN_INT_CONVERSION = YES;
				CLANG_WARN_OBJC_ROOT_CLASS = YES_ERROR;
				CLANG_WARN_SUSPICIOUS_MOVE = YES;
				CLANG_WARN_UNREACHABLE_CODE = YES;
				CLANG_WARN__DUPLICATE_METHOD_MATCH = YES;
				"CODE_SIGN_IDENTITY[sdk=iphoneos*]" = "iPhone Developer";
				COPY_PHASE_STRIP = NO;
				DEBUG_INFORMATION_FORMAT = dwarf;
				ENABLE_STRICT_OBJC_MSGSEND = YES;
				ENABLE_TESTABILITY = YES;
				GCC_C_LANGUAGE_STANDARD = gnu99;
				GCC_DYNAMIC_NO_PIC = NO;
				GCC_NO_COMMON_BLOCKS = YES;
				GCC_OPTIMIZATION_LEVEL = 0;
				GCC_PREPROCESSOR_DEFINITIONS = (
					"DEBUG=1",
					"$(inherited)",
				);
				GCC_WARN_64_TO_32_BIT_CONVERSION = YES;
				GCC_WARN_ABOUT_RETURN_TYPE = YES_ERROR;
				GCC_WARN_UNDECLARED_SELECTOR = YES;
				GCC_WARN_UNINITIALIZED_AUTOS = YES_AGGRESSIVE;
				GCC_WARN_UNUSED_FUNCTION = YES;
				GCC_WARN_UNUSED_VARIABLE = YES;
				IPHONEOS_DEPLOYMENT_TARGET = 10.3;
				MTL_ENABLE_DEBUG_INFO = YES;
				ONLY_ACTIVE_ARCH = YES;
				SDKROOT = iphoneos;
				SWIFT_ACTIVE_COMPILATION_CONDITIONS = DEBUG;
				SWIFT_OPTIMIZATION_LEVEL = "-Onone";
			};
			name = Debug;
		};
		3A5855361EC9569A007F8DA1 /* Release */ = {
			isa = XCBuildConfiguration;
			buildSettings = {
				ALWAYS_SEARCH_USER_PATHS = NO;
				CLANG_ANALYZER_NONNULL = YES;
				CLANG_ANALYZER_NUMBER_OBJECT_CONVERSION = YES_AGGRESSIVE;
				CLANG_CXX_LANGUAGE_STANDARD = "gnu++0x";
				CLANG_CXX_LIBRARY = "libc++";
				CLANG_ENABLE_MODULES = YES;
				CLANG_ENABLE_OBJC_ARC = YES;
				CLANG_WARN_BOOL_CONVERSION = YES;
				CLANG_WARN_CONSTANT_CONVERSION = YES;
				CLANG_WARN_DIRECT_OBJC_ISA_USAGE = YES_ERROR;
				CLANG_WARN_DOCUMENTATION_COMMENTS = YES;
				CLANG_WARN_EMPTY_BODY = YES;
				CLANG_WARN_ENUM_CONVERSION = YES;
				CLANG_WARN_INFINITE_RECURSION = YES;
				CLANG_WARN_INT_CONVERSION = YES;
				CLANG_WARN_OBJC_ROOT_CLASS = YES_ERROR;
				CLANG_WARN_SUSPICIOUS_MOVE = YES;
				CLANG_WARN_UNREACHABLE_CODE = YES;
				CLANG_WARN__DUPLICATE_METHOD_MATCH = YES;
				"CODE_SIGN_IDENTITY[sdk=iphoneos*]" = "iPhone Developer";
				COPY_PHASE_STRIP = NO;
				DEBUG_INFORMATION_FORMAT = "dwarf-with-dsym";
				ENABLE_NS_ASSERTIONS = NO;
				ENABLE_STRICT_OBJC_MSGSEND = YES;
				GCC_C_LANGUAGE_STANDARD = gnu99;
				GCC_NO_COMMON_BLOCKS = YES;
				GCC_WARN_64_TO_32_BIT_CONVERSION = YES;
				GCC_WARN_ABOUT_RETURN_TYPE = YES_ERROR;
				GCC_WARN_UNDECLARED_SELECTOR = YES;
				GCC_WARN_UNINITIALIZED_AUTOS = YES_AGGRESSIVE;
				GCC_WARN_UNUSED_FUNCTION = YES;
				GCC_WARN_UNUSED_VARIABLE = YES;
				IPHONEOS_DEPLOYMENT_TARGET = 10.3;
				MTL_ENABLE_DEBUG_INFO = NO;
				SDKROOT = iphoneos;
				SWIFT_OPTIMIZATION_LEVEL = "-Owholemodule";
				VALIDATE_PRODUCT = YES;
			};
			name = Release;
		};
		3A5855381EC9569A007F8DA1 /* Debug */ = {
			isa = XCBuildConfiguration;
			baseConfigurationReference = 4ECB60CB00FAFECA1613103C /* Pods-RequestDemo.debug.xcconfig */;
			buildSettings = {
				ASSETCATALOG_COMPILER_APPICON_NAME = AppIcon;
				INFOPLIST_FILE = RequestDemo/Info.plist;
				IPHONEOS_DEPLOYMENT_TARGET = 8.0;
				LD_RUNPATH_SEARCH_PATHS = "$(inherited) @executable_path/Frameworks";
				PRODUCT_BUNDLE_IDENTIFIER = lacklock.RequestDemo;
				PRODUCT_NAME = "$(TARGET_NAME)";
				SWIFT_VERSION = 3.0;
			};
			name = Debug;
		};
		3A5855391EC9569A007F8DA1 /* Release */ = {
			isa = XCBuildConfiguration;
			baseConfigurationReference = 156230B59D76B10A0644518F /* Pods-RequestDemo.release.xcconfig */;
			buildSettings = {
				ASSETCATALOG_COMPILER_APPICON_NAME = AppIcon;
				INFOPLIST_FILE = RequestDemo/Info.plist;
				IPHONEOS_DEPLOYMENT_TARGET = 8.0;
				LD_RUNPATH_SEARCH_PATHS = "$(inherited) @executable_path/Frameworks";
				PRODUCT_BUNDLE_IDENTIFIER = lacklock.RequestDemo;
				PRODUCT_NAME = "$(TARGET_NAME)";
				SWIFT_VERSION = 3.0;
			};
			name = Release;
		};
/* End XCBuildConfiguration section */

/* Begin XCConfigurationList section */
		3A5855201EC9569A007F8DA1 /* Build configuration list for PBXProject "RequestDemo" */ = {
			isa = XCConfigurationList;
			buildConfigurations = (
				3A5855351EC9569A007F8DA1 /* Debug */,
				3A5855361EC9569A007F8DA1 /* Release */,
			);
			defaultConfigurationIsVisible = 0;
			defaultConfigurationName = Release;
		};
		3A5855371EC9569A007F8DA1 /* Build configuration list for PBXNativeTarget "RequestDemo" */ = {
			isa = XCConfigurationList;
			buildConfigurations = (
				3A5855381EC9569A007F8DA1 /* Debug */,
				3A5855391EC9569A007F8DA1 /* Release */,
			);
			defaultConfigurationIsVisible = 0;
			defaultConfigurationName = Release;
		};
/* End XCConfigurationList section */
	};
	rootObject = 3A58551D1EC9569A007F8DA1 /* Project object */;
}
